{
  "name": "fork-async-iterator",
  "version": "0.0.0",
  "lockfileVersion": 3,
  "requires": true,
  "packages": {
    "": {
      "name": "fork-async-iterator",
      "version": "0.0.0",
      "license": "ISC",
      "dependencies": {
        "iterqueue": "^0.0.2"
      }
    },
    "node_modules/iterqueue": {
      "version": "0.0.2",
      "resolved": "https://registry.npmjs.org/iterqueue/-/iterqueue-0.0.2.tgz",
      "integrity": "sha512-oMxFkxq6NDcMvJK0B1i8Fh3NkI1/rEwey++ex/35AccgCiCgVG7fvcaGNDy4HizrMyGK8gqEc9js3sDUU3ALvg=="
    }
  }
}
